
Microsoft Visual Studio Solution File, Format Version 12.00
# Visual Studio 15
VisualStudioVersion = 15.0.28307.489
MinimumVisualStudioVersion = 10.0.40219.1
Project("{FAE04EC0-301F-11D3-BF4B-00C04F79EFBC}") = "SoberScrappingTool", "SoberScrappingTool\SoberScrappingTool.csproj", "{3CD0BDD5-79E9-4820-A652-2829D01D3252}"
EndProject
Project("{FAE04EC0-301F-11D3-BF4B-00C04F79EFBC}") = "SoberScrappingTool.Tests", "SoberScrappingTool.Tests\SoberScrappingTool.Tests.csproj", "{52C4949F-3CBD-47CA-B5BF-6122F0F19B7D}"
EndProject
Global
	GlobalSection(SolutionConfigurationPlatforms) = preSolution
		Debug|Any CPU = Debug|Any CPU
		Release|Any CPU = Release|Any CPU
	EndGlobalSection
	GlobalSection(ProjectConfigurationPlatforms) = postSolution
		{3CD0BDD5-79E9-4820-A652-2829D01D3252}.Debug|Any CPU.ActiveCfg = Debug|Any CPU
		{3CD0BDD5-79E9-4820-A652-2829D01D3252}.Debug|Any CPU.Build.0 = Debug|Any CPU
		{3CD0BDD5-79E9-4820-A652-2829D01D3252}.Release|Any CPU.ActiveCfg = Release|Any CPU
		{3CD0BDD5-79E9-4820-A652-2829D01D3252}.Release|Any CPU.Build.0 = Release|Any CPU
		{52C4949F-3CBD-47CA-B5BF-6122F0F19B7D}.Debug|Any CPU.ActiveCfg = Debug|Any CPU
		{52C4949F-3CBD-47CA-B5BF-6122F0F19B7D}.Debug|Any CPU.Build.0 = Debug|Any CPU
		{52C4949F-3CBD-47CA-B5BF-6122F0F19B7D}.Release|Any CPU.ActiveCfg = Release|Any CPU
		{52C4949F-3CBD-47CA-B5BF-6122F0F19B7D}.Release|Any CPU.Build.0 = Release|Any CPU
	EndGlobalSection
	GlobalSection(SolutionProperties) = preSolution
		HideSolutionNode = FALSE
	EndGlobalSection
	GlobalSection(ExtensibilityGlobals) = postSolution
		SolutionGuid = {F6D546FE-3FC3-47ED-B766-49C5A9CEE5FF}
	EndGlobalSection
EndGlobal
